
Microsoft Visual Studio Solution File, Format Version 12.00
# Visual Studio Version 17
VisualStudioVersion = 17.1.32328.378
MinimumVisualStudioVersion = 10.0.40219.1
Project("{9A19103F-16F7-4668-BE54-9A1E7A4F7556}") = "CamposBankWebApp", "CamposBankWebApp\CamposBankWebApp.csproj", "{879258E1-AB56-4980-813E-C3DA0993E58B}"
EndProject
Global
	GlobalSection(SolutionConfigurationPlatforms) = preSolution
		Debug|Any CPU = Debug|Any CPU
		Release|Any CPU = Release|Any CPU
	EndGlobalSection
	GlobalSection(ProjectConfigurationPlatforms) = postSolution
		{879258E1-AB56-4980-813E-C3DA0993E58B}.Debug|Any CPU.ActiveCfg = Debug|Any CPU
		{879258E1-AB56-4980-813E-C3DA0993E58B}.Debug|Any CPU.Build.0 = Debug|Any CPU
		{879258E1-AB56-4980-813E-C3DA0993E58B}.Release|Any CPU.ActiveCfg = Release|Any CPU
		{879258E1-AB56-4980-813E-C3DA0993E58B}.Release|Any CPU.Build.0 = Release|Any CPU
	EndGlobalSection
	GlobalSection(SolutionProperties) = preSolution
		HideSolutionNode = FALSE
	EndGlobalSection
	GlobalSection(ExtensibilityGlobals) = postSolution
		SolutionGuid = {1306CD50-07B4-42DB-B698-8511E9499D47}
	EndGlobalSection
EndGlobal
